{
  "name": "demo-npm-consumer",
  "version": "1.0.0",
  "lockfileVersion": 3,
  "requires": true,
  "packages": {
    "": {
      "name": "demo-npm-consumer",
      "version": "1.0.0",
      "dependencies": {
        "@now-micro/demo-npm": "0.0.0-ci.25815840565.1"
      }
    },
    "node_modules/@now-micro/demo-npm": {
      "version": "0.0.0-ci.25815840565.1",
      "resolved": "https://npm.pkg.github.com/download/@now-micro/demo-npm/0.0.0-ci.25815840565.1/77273e4621fc4bbede53ea3e8e10313c7c4f0c3a",
      "integrity": "sha512-5OEDiqo4Yk9u2LE8r3gdDAq1ih8J+YCqy+GIERjeyLpFHHpw4jCMUkDLRRyR8C1/NPRM/84/nB6QyDZ8ID+fCQ==",
      "license": "MIT"
    }
  }
}
