
Microsoft Visual Studio Solution File, Format Version 12.00
# Visual Studio Version 18
VisualStudioVersion = 18.2.11415.280
MinimumVisualStudioVersion = 17.8.0.0
Project("{9A19103F-16F7-4668-BE54-9A1E7A4F7556}") = "Trafera.Messaging.Aspire.AppHost", "Trafera.Messaging.Aspire.AppHost\Trafera.Messaging.Aspire.AppHost.csproj", "{DA6864BC-7337-4265-A9FE-51732D07E382}"
EndProject
Project("{9A19103F-16F7-4668-BE54-9A1E7A4F7556}") = "Trafera.Messaging.Aspire.MockConsumerOne", "Trafera.Messaging.Aspire.MockConsumerOne\Trafera.Messaging.Aspire.MockConsumerOne.csproj", "{9D382744-C733-4B0D-A1F3-0FB106C4F02E}"
EndProject
Project("{9A19103F-16F7-4668-BE54-9A1E7A4F7556}") = "Trafera.Messaging.Aspire.MockConsumerTwo", "Trafera.Messaging.Aspire.MockConsumerTwo\Trafera.Messaging.Aspire.MockConsumerTwo.csproj", "{2E2B0B26-A40C-4B60-9CE8-9A73DC829699}"
EndProject
Project("{9A19103F-16F7-4668-BE54-9A1E7A4F7556}") = "Trafera.Messaging.Aspire.MockConsumerThree", "Trafera.Messaging.Aspire.MockConsumerThree\Trafera.Messaging.Aspire.MockConsumerThree.csproj", "{41E2B2B3-7BD4-4B2E-AC82-9A8F9F5F3A52}"
EndProject
Project("{9A19103F-16F7-4668-BE54-9A1E7A4F7556}") = "Trafera.Messaging.Aspire.Trigger", "Trafera.Messaging.Aspire.Trigger\Trafera.Messaging.Aspire.Trigger.csproj", "{49547C7A-8F79-4EB8-B689-F9D58785B4A1}"
EndProject
Project("{9A19103F-16F7-4668-BE54-9A1E7A4F7556}") = "Trafera.Messaging.Aspire.DbInitializer", "Trafera.Messaging.Aspire.DbInitializer\Trafera.Messaging.Aspire.DbInitializer.csproj", "{B7E9A37F-0E9B-4C2C-8F49-EB87A589905D}"
EndProject
Project("{9A19103F-16F7-4668-BE54-9A1E7A4F7556}") = "Trafera.Messaging.Aspire.Tests", "Trafera.Messaging.Aspire.Tests\Trafera.Messaging.Aspire.Tests.csproj", "{84336E43-290E-4534-A9B9-FE429FD3311E}"
EndProject
Global
	GlobalSection(SolutionConfigurationPlatforms) = preSolution
		Debug|Any CPU = Debug|Any CPU
		Release|Any CPU = Release|Any CPU
	EndGlobalSection
	GlobalSection(ProjectConfigurationPlatforms) = postSolution
		{DA6864BC-7337-4265-A9FE-51732D07E382}.Debug|Any CPU.ActiveCfg = Debug|Any CPU
		{DA6864BC-7337-4265-A9FE-51732D07E382}.Debug|Any CPU.Build.0 = Debug|Any CPU
		{DA6864BC-7337-4265-A9FE-51732D07E382}.Release|Any CPU.ActiveCfg = Release|Any CPU
		{DA6864BC-7337-4265-A9FE-51732D07E382}.Release|Any CPU.Build.0 = Release|Any CPU
		{9D382744-C733-4B0D-A1F3-0FB106C4F02E}.Debug|Any CPU.ActiveCfg = Debug|Any CPU
		{9D382744-C733-4B0D-A1F3-0FB106C4F02E}.Debug|Any CPU.Build.0 = Debug|Any CPU
		{9D382744-C733-4B0D-A1F3-0FB106C4F02E}.Release|Any CPU.ActiveCfg = Release|Any CPU
		{9D382744-C733-4B0D-A1F3-0FB106C4F02E}.Release|Any CPU.Build.0 = Release|Any CPU
		{2E2B0B26-A40C-4B60-9CE8-9A73DC829699}.Debug|Any CPU.ActiveCfg = Debug|Any CPU
		{2E2B0B26-A40C-4B60-9CE8-9A73DC829699}.Debug|Any CPU.Build.0 = Debug|Any CPU
		{2E2B0B26-A40C-4B60-9CE8-9A73DC829699}.Release|Any CPU.ActiveCfg = Release|Any CPU
		{2E2B0B26-A40C-4B60-9CE8-9A73DC829699}.Release|Any CPU.Build.0 = Release|Any CPU
		{41E2B2B3-7BD4-4B2E-AC82-9A8F9F5F3A52}.Debug|Any CPU.ActiveCfg = Debug|Any CPU
		{41E2B2B3-7BD4-4B2E-AC82-9A8F9F5F3A52}.Debug|Any CPU.Build.0 = Debug|Any CPU
		{41E2B2B3-7BD4-4B2E-AC82-9A8F9F5F3A52}.Release|Any CPU.ActiveCfg = Release|Any CPU
		{41E2B2B3-7BD4-4B2E-AC82-9A8F9F5F3A52}.Release|Any CPU.Build.0 = Release|Any CPU
		{49547C7A-8F79-4EB8-B689-F9D58785B4A1}.Debug|Any CPU.ActiveCfg = Debug|Any CPU
		{49547C7A-8F79-4EB8-B689-F9D58785B4A1}.Debug|Any CPU.Build.0 = Debug|Any CPU
		{49547C7A-8F79-4EB8-B689-F9D58785B4A1}.Release|Any CPU.ActiveCfg = Release|Any CPU
		{49547C7A-8F79-4EB8-B689-F9D58785B4A1}.Release|Any CPU.Build.0 = Release|Any CPU
		{B7E9A37F-0E9B-4C2C-8F49-EB87A589905D}.Debug|Any CPU.ActiveCfg = Debug|Any CPU
		{B7E9A37F-0E9B-4C2C-8F49-EB87A589905D}.Debug|Any CPU.Build.0 = Debug|Any CPU
		{B7E9A37F-0E9B-4C2C-8F49-EB87A589905D}.Release|Any CPU.ActiveCfg = Release|Any CPU
		{B7E9A37F-0E9B-4C2C-8F49-EB87A589905D}.Release|Any CPU.Build.0 = Release|Any CPU
		{84336E43-290E-4534-A9B9-FE429FD3311E}.Debug|Any CPU.ActiveCfg = Debug|Any CPU
		{84336E43-290E-4534-A9B9-FE429FD3311E}.Debug|Any CPU.Build.0 = Debug|Any CPU
		{84336E43-290E-4534-A9B9-FE429FD3311E}.Release|Any CPU.ActiveCfg = Release|Any CPU
		{84336E43-290E-4534-A9B9-FE429FD3311E}.Release|Any CPU.Build.0 = Release|Any CPU
	EndGlobalSection
	GlobalSection(SolutionProperties) = preSolution
		HideSolutionNode = FALSE
	EndGlobalSection
	GlobalSection(ExtensibilityGlobals) = postSolution
		SolutionGuid = {00BFFD5A-EAD2-4963-ADFD-4E685624FF5A}
	EndGlobalSection
EndGlobal
